{
  "name": "figma-sleuth",
  "version": "1.0.0",
  "lockfileVersion": 1,
  "requires": true,
  "dependencies": {
    "@figma/plugin-typings": {
      "version": "1.17.1",
      "resolved": "https://infusionsoft.jfrog.io/infusionsoft/api/npm/npm/@figma/plugin-typings/-/plugin-typings-1.17.1.tgz",
      "integrity": "sha1-xpuMzEYdcFUrOBre/Mrw/uVsg0I=",
      "dev": true
    },
    "figma-plugin-ds": {
      "version": "0.1.8",
      "resolved": "https://infusionsoft.jfrog.io/infusionsoft/api/npm/npm/figma-plugin-ds/-/figma-plugin-ds-0.1.8.tgz",
      "integrity": "sha1-izCQGFnuJ6A84Wq3+MLOPFEQZD0="
    }
  }
}
